// !$*UTF8*$!
{
	archiveVersion = 1;
	classes = {
	};
	objectVersion = 55;
	objects = {

/* Begin PBXBuildFile section */
		B24A7B44277B861000266797 /* AppDelegate.swift in Sources */ = {isa = PBXBuildFile; fileRef = B24A7B43277B861000266797 /* AppDelegate.swift */; };
		B24A7B46277B861000266797 /* SceneDelegate.swift in Sources */ = {isa = PBXBuildFile; fileRef = B24A7B45277B861000266797 /* SceneDelegate.swift */; };
		B24A7B48277B861000266797 /* ViewController.swift in Sources */ = {isa = PBXBuildFile; fileRef = B24A7B47277B861000266797 /* ViewController.swift */; };
		B24A7B4B277B861000266797 /* Main.storyboard in Resources */ = {isa = PBXBuildFile; fileRef = B24A7B49277B861000266797 /* Main.storyboard */; };
		B24A7B4D277B861300266797 /* Assets.xcassets in Resources */ = {isa = PBXBuildFile; fileRef = B24A7B4C277B861300266797 /* Assets.xcassets */; };
		B24A7B50277B861300266797 /* LaunchScreen.storyboard in Resources */ = {isa = PBXBuildFile; fileRef = B24A7B4E277B861300266797 /* LaunchScreen.storyboard */; };
		B24A7B5A277B86BF00266797 /* ListViewController.swift in Sources */ = {isa = PBXBuildFile; fileRef = B24A7B59277B86BF00266797 /* ListViewController.swift */; };
		B24A7B5C277B877500266797 /* AddItemViewController.swift in Sources */ = {isa = PBXBuildFile; fileRef = B24A7B5B277B877500266797 /* AddItemViewController.swift */; };
		B24A7B68277B887C00266797 /* Item.swift in Sources */ = {isa = PBXBuildFile; fileRef = B24A7B67277B887C00266797 /* Item.swift */; };
		B24A7B6A277B888300266797 /* ListManager.swift in Sources */ = {isa = PBXBuildFile; fileRef = B24A7B69277B888300266797 /* ListManager.swift */; };
		B28ADDED2784A66900E18954 /* ItemCell.swift in Sources */ = {isa = PBXBuildFile; fileRef = B28ADDEC2784A66900E18954 /* ItemCell.swift */; };
		B2F52F86278DDF7500F5716D /* CheckoutViewController.swift in Sources */ = {isa = PBXBuildFile; fileRef = B2F52F85278DDF7500F5716D /* CheckoutViewController.swift */; };
		B2F52F88278DE94900F5716D /* StorageManager.swift in Sources */ = {isa = PBXBuildFile; fileRef = B2F52F87278DE94900F5716D /* StorageManager.swift */; };
/* End PBXBuildFile section */

/* Begin PBXFileReference section */
		B24A7B40277B861000266797 /* ShoppingCart.app */ = {isa = PBXFileReference; explicitFileType = wrapper.application; includeInIndex = 0; path = ShoppingCart.app; sourceTree = BUILT_PRODUCTS_DIR; };
		B24A7B43277B861000266797 /* AppDelegate.swift */ = {isa = PBXFileReference; lastKnownFileType = sourcecode.swift; path = AppDelegate.swift; sourceTree = "<group>"; };
		B24A7B45277B861000266797 /* SceneDelegate.swift */ = {isa = PBXFileReference; lastKnownFileType = sourcecode.swift; path = SceneDelegate.swift; sourceTree = "<group>"; };
		B24A7B47277B861000266797 /* ViewController.swift */ = {isa = PBXFileReference; lastKnownFileType = sourcecode.swift; path = ViewController.swift; sourceTree = "<group>"; };
		B24A7B4A277B861000266797 /* Base */ = {isa = PBXFileReference; lastKnownFileType = file.storyboard; name = Base; path = Base.lproj/Main.storyboard; sourceTree = "<group>"; };
		B24A7B4C277B861300266797 /* Assets.xcassets */ = {isa = PBXFileReference; lastKnownFileType = folder.assetcatalog; path = Assets.xcassets; sourceTree = "<group>"; };
		B24A7B4F277B861300266797 /* Base */ = {isa = PBXFileReference; lastKnownFileType = file.storyboard; name = Base; path = Base.lproj/LaunchScreen.storyboard; sourceTree = "<group>"; };
		B24A7B51277B861300266797 /* Info.plist */ = {isa = PBXFileReference; lastKnownFileType = text.plist.xml; path = Info.plist; sourceTree = "<group>"; };
		B24A7B59277B86BF00266797 /* ListViewController.swift */ = {isa = PBXFileReference; lastKnownFileType = sourcecode.swift; path = ListViewController.swift; sourceTree = "<group>"; };
		B24A7B5B277B877500266797 /* AddItemViewController.swift */ = {isa = PBXFileReference; lastKnownFileType = sourcecode.swift; path = AddItemViewController.swift; sourceTree = "<group>"; };
		B24A7B67277B887C00266797 /* Item.swift */ = {isa = PBXFileReference; lastKnownFileType = sourcecode.swift; path = Item.swift; sourceTree = "<group>"; };
		B24A7B69277B888300266797 /* ListManager.swift */ = {isa = PBXFileReference; lastKnownFileType = sourcecode.swift; path = ListManager.swift; sourceTree = "<group>"; };
		B28ADDEC2784A66900E18954 /* ItemCell.swift */ = {isa = PBXFileReference; lastKnownFileType = sourcecode.swift; path = ItemCell.swift; sourceTree = "<group>"; };
		B2F52F85278DDF7500F5716D /* CheckoutViewController.swift */ = {isa = PBXFileReference; lastKnownFileType = sourcecode.swift; path = CheckoutViewController.swift; sourceTree = "<group>"; };
		B2F52F87278DE94900F5716D /* StorageManager.swift */ = {isa = PBXFileReference; fileEncoding = 4; lastKnownFileType = sourcecode.swift; name = StorageManager.swift; path = ../../../../2022.1.4/ReadWriteDisk/ReadWriteDisk/StorageManager.swift; sourceTree = "<group>"; };
/* End PBXFileReference section */

/* Begin PBXFrameworksBuildPhase section */
		B24A7B3D277B861000266797 /* Frameworks */ = {
			isa = PBXFrameworksBuildPhase;
			buildActionMask = 2147483647;
			files = (
			);
			runOnlyForDeploymentPostprocessing = 0;
		};
/* End PBXFrameworksBuildPhase section */

/* Begin PBXGroup section */
		B24A7B37277B861000266797 = {
			isa = PBXGroup;
			children = (
				B24A7B42277B861000266797 /* ShoppingCart */,
				B24A7B41277B861000266797 /* Products */,
			);
			sourceTree = "<group>";
		};
		B24A7B41277B861000266797 /* Products */ = {
			isa = PBXGroup;
			children = (
				B24A7B40277B861000266797 /* ShoppingCart.app */,
			);
			name = Products;
			sourceTree = "<group>";
		};
		B24A7B42277B861000266797 /* ShoppingCart */ = {
			isa = PBXGroup;
			children = (
				B24A7B66277B885200266797 /* Model */,
				B24A7B43277B861000266797 /* AppDelegate.swift */,
				B24A7B45277B861000266797 /* SceneDelegate.swift */,
				B24A7B47277B861000266797 /* ViewController.swift */,
				B24A7B59277B86BF00266797 /* ListViewController.swift */,
				B24A7B5B277B877500266797 /* AddItemViewController.swift */,
				B2F52F85278DDF7500F5716D /* CheckoutViewController.swift */,
				B28ADDEC2784A66900E18954 /* ItemCell.swift */,
				B24A7B49277B861000266797 /* Main.storyboard */,
				B24A7B4C277B861300266797 /* Assets.xcassets */,
				B24A7B4E277B861300266797 /* LaunchScreen.storyboard */,
				B24A7B51277B861300266797 /* Info.plist */,
			);
			path = ShoppingCart;
			sourceTree = "<group>";
		};
		B24A7B66277B885200266797 /* Model */ = {
			isa = PBXGroup;
			children = (
				B24A7B67277B887C00266797 /* Item.swift */,
				B24A7B69277B888300266797 /* ListManager.swift */,
				B2F52F87278DE94900F5716D /* StorageManager.swift */,
			);
			path = Model;
			sourceTree = "<group>";
		};
/* End PBXGroup section */

/* Begin PBXNativeTarget section */
		B24A7B3F277B861000266797 /* ShoppingCart */ = {
			isa = PBXNativeTarget;
			buildConfigurationList = B24A7B54277B861300266797 /* Build configuration list for PBXNativeTarget "ShoppingCart" */;
			buildPhases = (
				B24A7B3C277B861000266797 /* Sources */,
				B24A7B3D277B861000266797 /* Frameworks */,
				B24A7B3E277B861000266797 /* Resources */,
			);
			buildRules = (
			);
			dependencies = (
			);
			name = ShoppingCart;
			productName = ShoppingCart;
			productReference = B24A7B40277B861000266797 /* ShoppingCart.app */;
			productType = "com.apple.product-type.application";
		};
/* End PBXNativeTarget section */

/* Begin PBXProject section */
		B24A7B38277B861000266797 /* Project object */ = {
			isa = PBXProject;
			attributes = {
				BuildIndependentTargetsInParallel = 1;
				LastSwiftUpdateCheck = 1310;
				LastUpgradeCheck = 1310;
				TargetAttributes = {
					B24A7B3F277B861000266797 = {
						CreatedOnToolsVersion = 13.1;
					};
				};
			};
			buildConfigurationList = B24A7B3B277B861000266797 /* Build configuration list for PBXProject "ShoppingCart" */;
			compatibilityVersion = "Xcode 13.0";
			developmentRegion = en;
			hasScannedForEncodings = 0;
			knownRegions = (
				en,
				Base,
			);
			mainGroup = B24A7B37277B861000266797;
			productRefGroup = B24A7B41277B861000266797 /* Products */;
			projectDirPath = "";
			projectRoot = "";
			targets = (
				B24A7B3F277B861000266797 /* ShoppingCart */,
			);
		};
/* End PBXProject section */

/* Begin PBXResourcesBuildPhase section */
		B24A7B3E277B861000266797 /* Resources */ = {
			isa = PBXResourcesBuildPhase;
			buildActionMask = 2147483647;
			files = (
				B24A7B50277B861300266797 /* LaunchScreen.storyboard in Resources */,
				B24A7B4D277B861300266797 /* Assets.xcassets in Resources */,
				B24A7B4B277B861000266797 /* Main.storyboard in Resources */,
			);
			runOnlyForDeploymentPostprocessing = 0;
		};
/* End PBXResourcesBuildPhase section */

/* Begin PBXSourcesBuildPhase section */
		B24A7B3C277B861000266797 /* Sources */ = {
			isa = PBXSourcesBuildPhase;
			buildActionMask = 2147483647;
			files = (
				B28ADDED2784A66900E18954 /* ItemCell.swift in Sources */,
				B24A7B5C277B877500266797 /* AddItemViewController.swift in Sources */,
				B24A7B48277B861000266797 /* ViewController.swift in Sources */,
				B24A7B44277B861000266797 /* AppDelegate.swift in Sources */,
				B24A7B6A277B888300266797 /* ListManager.swift in Sources */,
				B24A7B5A277B86BF00266797 /* ListViewController.swift in Sources */,
				B24A7B68277B887C00266797 /* Item.swift in Sources */,
				B2F52F88278DE94900F5716D /* StorageManager.swift in Sources */,
				B2F52F86278DDF7500F5716D /* CheckoutViewController.swift in Sources */,
				B24A7B46277B861000266797 /* SceneDelegate.swift in Sources */,
			);
			runOnlyForDeploymentPostprocessing = 0;
		};
/* End PBXSourcesBuildPhase section */

/* Begin PBXVariantGroup section */
		B24A7B49277B861000266797 /* Main.storyboard */ = {
			isa = PBXVariantGroup;
			children = (
				B24A7B4A277B861000266797 /* Base */,
			);
			name = Main.storyboard;
			sourceTree = "<group>";
		};
		B24A7B4E277B861300266797 /* LaunchScreen.storyboard */ = {
			isa = PBXVariantGroup;
			children = (
				B24A7B4F277B861300266797 /* Base */,
			);
			name = LaunchScreen.storyboard;
			sourceTree = "<group>";
		};
/* End PBXVariantGroup section */

/* Begin XCBuildConfiguration section */
		B24A7B52277B861300266797 /* Debug */ = {
			isa = XCBuildConfiguration;
			buildSettings = {
				ALWAYS_SEARCH_USER_PATHS = NO;
				CLANG_ANALYZER_NONNULL = YES;
				CLANG_ANALYZER_NUMBER_OBJECT_CONVERSION = YES_AGGRESSIVE;
				CLANG_CXX_LANGUAGE_STANDARD = "gnu++17";
				CLANG_CXX_LIBRARY = "libc++";
				CLANG_ENABLE_MODULES = YES;
				CLANG_ENABLE_OBJC_ARC = YES;
				CLANG_ENABLE_OBJC_WEAK = YES;
				CLANG_WARN_BLOCK_CAPTURE_AUTORELEASING = YES;
				CLANG_WARN_BOOL_CONVERSION = YES;
				CLANG_WARN_COMMA = YES;
				CLANG_WARN_CONSTANT_CONVERSION = YES;
				CLANG_WARN_DEPRECATED_OBJC_IMPLEMENTATIONS = YES;
				CLANG_WARN_DIRECT_OBJC_ISA_USAGE = YES_ERROR;
				CLANG_WARN_DOCUMENTATION_COMMENTS = YES;
				CLANG_WARN_EMPTY_BODY = YES;
				CLANG_WARN_ENUM_CONVERSION = YES;
				CLANG_WARN_INFINITE_RECURSION = YES;
				CLANG_WARN_INT_CONVERSION = YES;
				CLANG_WARN_NON_LITERAL_NULL_CONVERSION = YES;
				CLANG_WARN_OBJC_IMPLICIT_RETAIN_SELF = YES;
				CLANG_WARN_OBJC_LITERAL_CONVERSION = YES;
				CLANG_WARN_OBJC_ROOT_CLASS = YES_ERROR;
				CLANG_WARN_QUOTED_INCLUDE_IN_FRAMEWORK_HEADER = YES;
				CLANG_WARN_RANGE_LOOP_ANALYSIS = YES;
				CLANG_WARN_STRICT_PROTOTYPES = YES;
				CLANG_WARN_SUSPICIOUS_MOVE = YES;
				CLANG_WARN_UNGUARDED_AVAILABILITY = YES_AGGRESSIVE;
				CLANG_WARN_UNREACHABLE_CODE = YES;
				CLANG_WARN__DUPLICATE_METHOD_MATCH = YES;
				COPY_PHASE_STRIP = NO;
				DEBUG_INFORMATION_FORMAT = dwarf;
				ENABLE_STRICT_OBJC_MSGSEND = YES;
				ENABLE_TESTABILITY = YES;
				GCC_C_LANGUAGE_STANDARD = gnu11;
				GCC_DYNAMIC_NO_PIC = NO;
				GCC_NO_COMMON_BLOCKS = YES;
				GCC_OPTIMIZATION_LEVEL = 0;
				GCC_PREPROCESSOR_DEFINITIONS = (
					"DEBUG=1",
					"$(inherited)",
				);
				GCC_WARN_64_TO_32_BIT_CONVERSION = YES;
				GCC_WARN_ABOUT_RETURN_TYPE = YES_ERROR;
				GCC_WARN_UNDECLARED_SELECTOR = YES;
				GCC_WARN_UNINITIALIZED_AUTOS = YES_AGGRESSIVE;
				GCC_WARN_UNUSED_FUNCTION = YES;
				GCC_WARN_UNUSED_VARIABLE = YES;
				IPHONEOS_DEPLOYMENT_TARGET = 15.0;
				MTL_ENABLE_DEBUG_INFO = INCLUDE_SOURCE;
				MTL_FAST_MATH = YES;
				ONLY_ACTIVE_ARCH = YES;
				SDKROOT = iphoneos;
				SWIFT_ACTIVE_COMPILATION_CONDITIONS = DEBUG;
				SWIFT_OPTIMIZATION_LEVEL = "-Onone";
			};
			name = Debug;
		};
		B24A7B53277B861300266797 /* Release */ = {
			isa = XCBuildConfiguration;
			buildSettings = {
				ALWAYS_SEARCH_USER_PATHS = NO;
				CLANG_ANALYZER_NONNULL = YES;
				CLANG_ANALYZER_NUMBER_OBJECT_CONVERSION = YES_AGGRESSIVE;
				CLANG_CXX_LANGUAGE_STANDARD = "gnu++17";
				CLANG_CXX_LIBRARY = "libc++";
				CLANG_ENABLE_MODULES = YES;
				CLANG_ENABLE_OBJC_ARC = YES;
				CLANG_ENABLE_OBJC_WEAK = YES;
				CLANG_WARN_BLOCK_CAPTURE_AUTORELEASING = YES;
				CLANG_WARN_BOOL_CONVERSION = YES;
				CLANG_WARN_COMMA = YES;
				CLANG_WARN_CONSTANT_CONVERSION = YES;
				CLANG_WARN_DEPRECATED_OBJC_IMPLEMENTATIONS = YES;
				CLANG_WARN_DIRECT_OBJC_ISA_USAGE = YES_ERROR;
				CLANG_WARN_DOCUMENTATION_COMMENTS = YES;
				CLANG_WARN_EMPTY_BODY = YES;
				CLANG_WARN_ENUM_CONVERSION = YES;
				CLANG_WARN_INFINITE_RECURSION = YES;
				CLANG_WARN_INT_CONVERSION = YES;
				CLANG_WARN_NON_LITERAL_NULL_CONVERSION = YES;
				CLANG_WARN_OBJC_IMPLICIT_RETAIN_SELF = YES;
				CLANG_WARN_OBJC_LITERAL_CONVERSION = YES;
				CLANG_WARN_OBJC_ROOT_CLASS = YES_ERROR;
				CLANG_WARN_QUOTED_INCLUDE_IN_FRAMEWORK_HEADER = YES;
				CLANG_WARN_RANGE_LOOP_ANALYSIS = YES;
				CLANG_WARN_STRICT_PROTOTYPES = YES;
				CLANG_WARN_SUSPICIOUS_MOVE = YES;
				CLANG_WARN_UNGUARDED_AVAILABILITY = YES_AGGRESSIVE;
				CLANG_WARN_UNREACHABLE_CODE = YES;
				CLANG_WARN__DUPLICATE_METHOD_MATCH = YES;
				COPY_PHASE_STRIP = NO;
				DEBUG_INFORMATION_FORMAT = "dwarf-with-dsym";
				ENABLE_NS_ASSERTIONS = NO;
				ENABLE_STRICT_OBJC_MSGSEND = YES;
				GCC_C_LANGUAGE_STANDARD = gnu11;
				GCC_NO_COMMON_BLOCKS = YES;
				GCC_WARN_64_TO_32_BIT_CONVERSION = YES;
				GCC_WARN_ABOUT_RETURN_TYPE = YES_ERROR;
				GCC_WARN_UNDECLARED_SELECTOR = YES;
				GCC_WARN_UNINITIALIZED_AUTOS = YES_AGGRESSIVE;
				GCC_WARN_UNUSED_FUNCTION = YES;
				GCC_WARN_UNUSED_VARIABLE = YES;
				IPHONEOS_DEPLOYMENT_TARGET = 15.0;
				MTL_ENABLE_DEBUG_INFO = NO;
				MTL_FAST_MATH = YES;
				SDKROOT = iphoneos;
				SWIFT_COMPILATION_MODE = wholemodule;
				SWIFT_OPTIMIZATION_LEVEL = "-O";
				VALIDATE_PRODUCT = YES;
			};
			name = Release;
		};
		B24A7B55277B861300266797 /* Debug */ = {
			isa = XCBuildConfiguration;
			buildSettings = {
				ASSETCATALOG_COMPILER_APPICON_NAME = AppIcon;
				ASSETCATALOG_COMPILER_GLOBAL_ACCENT_COLOR_NAME = AccentColor;
				CODE_SIGN_STYLE = Automatic;
				CURRENT_PROJECT_VERSION = 1;
				GENERATE_INFOPLIST_FILE = YES;
				INFOPLIST_FILE = ShoppingCart/Info.plist;
				INFOPLIST_KEY_UIApplicationSupportsIndirectInputEvents = YES;
				INFOPLIST_KEY_UILaunchStoryboardName = LaunchScreen;
				INFOPLIST_KEY_UIMainStoryboardFile = Main;
				INFOPLIST_KEY_UISupportedInterfaceOrientations_iPad = "UIInterfaceOrientationPortrait UIInterfaceOrientationPortraitUpsideDown UIInterfaceOrientationLandscapeLeft UIInterfaceOrientationLandscapeRight";
				INFOPLIST_KEY_UISupportedInterfaceOrientations_iPhone = "UIInterfaceOrientationPortrait UIInterfaceOrientationLandscapeLeft UIInterfaceOrientationLandscapeRight";
				LD_RUNPATH_SEARCH_PATHS = (
					"$(inherited)",
					"@executable_path/Frameworks",
				);
				MARKETING_VERSION = 1.0;
				PRODUCT_BUNDLE_IDENTIFIER = com.benny.ShoppingCart;
				PRODUCT_NAME = "$(TARGET_NAME)";
				SWIFT_EMIT_LOC_STRINGS = YES;
				SWIFT_VERSION = 5.0;
				TARGETED_DEVICE_FAMILY = "1,2";
			};
			name = Debug;
		};
		B24A7B56277B861300266797 /* Release */ = {
			isa = XCBuildConfiguration;
			buildSettings = {
				ASSETCATALOG_COMPILER_APPICON_NAME = AppIcon;
				ASSETCATALOG_COMPILER_GLOBAL_ACCENT_COLOR_NAME = AccentColor;
				CODE_SIGN_STYLE = Automatic;
				CURRENT_PROJECT_VERSION = 1;
				GENERATE_INFOPLIST_FILE = YES;
				INFOPLIST_FILE = ShoppingCart/Info.plist;
				INFOPLIST_KEY_UIApplicationSupportsIndirectInputEvents = YES;
				INFOPLIST_KEY_UILaunchStoryboardName = LaunchScreen;
				INFOPLIST_KEY_UIMainStoryboardFile = Main;
				INFOPLIST_KEY_UISupportedInterfaceOrientations_iPad = "UIInterfaceOrientationPortrait UIInterfaceOrientationPortraitUpsideDown UIInterfaceOrientationLandscapeLeft UIInterfaceOrientationLandscapeRight";
				INFOPLIST_KEY_UISupportedInterfaceOrientations_iPhone = "UIInterfaceOrientationPortrait UIInterfaceOrientationLandscapeLeft UIInterfaceOrientationLandscapeRight";
				LD_RUNPATH_SEARCH_PATHS = (
					"$(inherited)",
					"@executable_path/Frameworks",
				);
				MARKETING_VERSION = 1.0;
				PRODUCT_BUNDLE_IDENTIFIER = com.benny.ShoppingCart;
				PRODUCT_NAME = "$(TARGET_NAME)";
				SWIFT_EMIT_LOC_STRINGS = YES;
				SWIFT_VERSION = 5.0;
				TARGETED_DEVICE_FAMILY = "1,2";
			};
			name = Release;
		};
/* End XCBuildConfiguration section */

/* Begin XCConfigurationList section */
		B24A7B3B277B861000266797 /* Build configuration list for PBXProject "ShoppingCart" */ = {
			isa = XCConfigurationList;
			buildConfigurations = (
				B24A7B52277B861300266797 /* Debug */,
				B24A7B53277B861300266797 /* Release */,
			);
			defaultConfigurationIsVisible = 0;
			defaultConfigurationName = Release;
		};
		B24A7B54277B861300266797 /* Build configuration list for PBXNativeTarget "ShoppingCart" */ = {
			isa = XCConfigurationList;
			buildConfigurations = (
				B24A7B55277B861300266797 /* Debug */,
				B24A7B56277B861300266797 /* Release */,
			);
			defaultConfigurationIsVisible = 0;
			defaultConfigurationName = Release;
		};
/* End XCConfigurationList section */
	};
	rootObject = B24A7B38277B861000266797 /* Project object */;
}
