// !$*UTF8*$!
{
	archiveVersion = 1;
	classes = {
	};
	objectVersion = 55;
	objects = {

/* Begin PBXBuildFile section */
		B27E510727D7BD6B002A8FF3 /* AppDelegate.swift in Sources */ = {isa = PBXBuildFile; fileRef = B27E510627D7BD6B002A8FF3 /* AppDelegate.swift */; };
		B27E510927D7BD6B002A8FF3 /* SceneDelegate.swift in Sources */ = {isa = PBXBuildFile; fileRef = B27E510827D7BD6B002A8FF3 /* SceneDelegate.swift */; };
		B27E510B27D7BD6B002A8FF3 /* ViewController.swift in Sources */ = {isa = PBXBuildFile; fileRef = B27E510A27D7BD6B002A8FF3 /* ViewController.swift */; };
		B27E510E27D7BD6B002A8FF3 /* Main.storyboard in Resources */ = {isa = PBXBuildFile; fileRef = B27E510C27D7BD6B002A8FF3 /* Main.storyboard */; };
		B27E511027D7BD6F002A8FF3 /* Assets.xcassets in Resources */ = {isa = PBXBuildFile; fileRef = B27E510F27D7BD6F002A8FF3 /* Assets.xcassets */; };
		B27E511327D7BD6F002A8FF3 /* LaunchScreen.storyboard in Resources */ = {isa = PBXBuildFile; fileRef = B27E511127D7BD6F002A8FF3 /* LaunchScreen.storyboard */; };
		B27E511C27D7BE31002A8FF3 /* Answer.swift in Sources */ = {isa = PBXBuildFile; fileRef = B27E511B27D7BE31002A8FF3 /* Answer.swift */; };
		B27E511E27D7BF38002A8FF3 /* Networking.swift in Sources */ = {isa = PBXBuildFile; fileRef = B27E511D27D7BF38002A8FF3 /* Networking.swift */; };
		B27E514927E0EBD1002A8FF3 /* Localizable.strings in Resources */ = {isa = PBXBuildFile; fileRef = B27E514B27E0EBD1002A8FF3 /* Localizable.strings */; };
		DCEAFCD0FECEF2527AAE99FA /* Pods_GenderAPI.framework in Frameworks */ = {isa = PBXBuildFile; fileRef = 1C0901924107D699244E73DE /* Pods_GenderAPI.framework */; };
/* End PBXBuildFile section */

/* Begin PBXFileReference section */
		18C29FD7912EB014146EA8AF /* Pods-GenderAPI.debug.xcconfig */ = {isa = PBXFileReference; includeInIndex = 1; lastKnownFileType = text.xcconfig; name = "Pods-GenderAPI.debug.xcconfig"; path = "Target Support Files/Pods-GenderAPI/Pods-GenderAPI.debug.xcconfig"; sourceTree = "<group>"; };
		1C0901924107D699244E73DE /* Pods_GenderAPI.framework */ = {isa = PBXFileReference; explicitFileType = wrapper.framework; includeInIndex = 0; path = Pods_GenderAPI.framework; sourceTree = BUILT_PRODUCTS_DIR; };
		2D31C628DC5964026A0479AA /* Pods-GenderAPI.release.xcconfig */ = {isa = PBXFileReference; includeInIndex = 1; lastKnownFileType = text.xcconfig; name = "Pods-GenderAPI.release.xcconfig"; path = "Target Support Files/Pods-GenderAPI/Pods-GenderAPI.release.xcconfig"; sourceTree = "<group>"; };
		B27E510327D7BD6B002A8FF3 /* GenderAPI.app */ = {isa = PBXFileReference; explicitFileType = wrapper.application; includeInIndex = 0; path = GenderAPI.app; sourceTree = BUILT_PRODUCTS_DIR; };
		B27E510627D7BD6B002A8FF3 /* AppDelegate.swift */ = {isa = PBXFileReference; lastKnownFileType = sourcecode.swift; path = AppDelegate.swift; sourceTree = "<group>"; };
		B27E510827D7BD6B002A8FF3 /* SceneDelegate.swift */ = {isa = PBXFileReference; lastKnownFileType = sourcecode.swift; path = SceneDelegate.swift; sourceTree = "<group>"; };
		B27E510A27D7BD6B002A8FF3 /* ViewController.swift */ = {isa = PBXFileReference; lastKnownFileType = sourcecode.swift; path = ViewController.swift; sourceTree = "<group>"; };
		B27E510D27D7BD6B002A8FF3 /* Base */ = {isa = PBXFileReference; lastKnownFileType = file.storyboard; name = Base; path = Base.lproj/Main.storyboard; sourceTree = "<group>"; };
		B27E510F27D7BD6F002A8FF3 /* Assets.xcassets */ = {isa = PBXFileReference; lastKnownFileType = folder.assetcatalog; path = Assets.xcassets; sourceTree = "<group>"; };
		B27E511227D7BD6F002A8FF3 /* Base */ = {isa = PBXFileReference; lastKnownFileType = file.storyboard; name = Base; path = Base.lproj/LaunchScreen.storyboard; sourceTree = "<group>"; };
		B27E511427D7BD6F002A8FF3 /* Info.plist */ = {isa = PBXFileReference; lastKnownFileType = text.plist.xml; path = Info.plist; sourceTree = "<group>"; };
		B27E511B27D7BE31002A8FF3 /* Answer.swift */ = {isa = PBXFileReference; lastKnownFileType = sourcecode.swift; path = Answer.swift; sourceTree = "<group>"; };
		B27E511D27D7BF38002A8FF3 /* Networking.swift */ = {isa = PBXFileReference; lastKnownFileType = sourcecode.swift; path = Networking.swift; sourceTree = "<group>"; };
		B27E514A27E0EBD1002A8FF3 /* en */ = {isa = PBXFileReference; lastKnownFileType = text.plist.strings; name = en; path = en.lproj/Localizable.strings; sourceTree = "<group>"; };
		B27E514C27E0EBE4002A8FF3 /* he */ = {isa = PBXFileReference; lastKnownFileType = text.plist.strings; name = he; path = he.lproj/Localizable.strings; sourceTree = "<group>"; };
/* End PBXFileReference section */

/* Begin PBXFrameworksBuildPhase section */
		B27E510027D7BD6B002A8FF3 /* Frameworks */ = {
			isa = PBXFrameworksBuildPhase;
			buildActionMask = 2147483647;
			files = (
				DCEAFCD0FECEF2527AAE99FA /* Pods_GenderAPI.framework in Frameworks */,
			);
			runOnlyForDeploymentPostprocessing = 0;
		};
/* End PBXFrameworksBuildPhase section */

/* Begin PBXGroup section */
		044EB12D465D6781A2191442 /* Pods */ = {
			isa = PBXGroup;
			children = (
				18C29FD7912EB014146EA8AF /* Pods-GenderAPI.debug.xcconfig */,
				2D31C628DC5964026A0479AA /* Pods-GenderAPI.release.xcconfig */,
			);
			path = Pods;
			sourceTree = "<group>";
		};
		A17A7E1FE6E94FEC7445378E /* Frameworks */ = {
			isa = PBXGroup;
			children = (
				1C0901924107D699244E73DE /* Pods_GenderAPI.framework */,
			);
			name = Frameworks;
			sourceTree = "<group>";
		};
		B27E50FA27D7BD6B002A8FF3 = {
			isa = PBXGroup;
			children = (
				B27E510527D7BD6B002A8FF3 /* GenderAPI */,
				B27E510427D7BD6B002A8FF3 /* Products */,
				044EB12D465D6781A2191442 /* Pods */,
				A17A7E1FE6E94FEC7445378E /* Frameworks */,
			);
			sourceTree = "<group>";
		};
		B27E510427D7BD6B002A8FF3 /* Products */ = {
			isa = PBXGroup;
			children = (
				B27E510327D7BD6B002A8FF3 /* GenderAPI.app */,
			);
			name = Products;
			sourceTree = "<group>";
		};
		B27E510527D7BD6B002A8FF3 /* GenderAPI */ = {
			isa = PBXGroup;
			children = (
				B27E510627D7BD6B002A8FF3 /* AppDelegate.swift */,
				B27E510827D7BD6B002A8FF3 /* SceneDelegate.swift */,
				B27E510A27D7BD6B002A8FF3 /* ViewController.swift */,
				B27E511A27D7BE23002A8FF3 /* Model */,
				B27E510C27D7BD6B002A8FF3 /* Main.storyboard */,
				B27E510F27D7BD6F002A8FF3 /* Assets.xcassets */,
				B27E511127D7BD6F002A8FF3 /* LaunchScreen.storyboard */,
				B27E511427D7BD6F002A8FF3 /* Info.plist */,
				B27E514B27E0EBD1002A8FF3 /* Localizable.strings */,
			);
			path = GenderAPI;
			sourceTree = "<group>";
		};
		B27E511A27D7BE23002A8FF3 /* Model */ = {
			isa = PBXGroup;
			children = (
				B27E511B27D7BE31002A8FF3 /* Answer.swift */,
				B27E511D27D7BF38002A8FF3 /* Networking.swift */,
			);
			path = Model;
			sourceTree = "<group>";
		};
/* End PBXGroup section */

/* Begin PBXNativeTarget section */
		B27E510227D7BD6B002A8FF3 /* GenderAPI */ = {
			isa = PBXNativeTarget;
			buildConfigurationList = B27E511727D7BD6F002A8FF3 /* Build configuration list for PBXNativeTarget "GenderAPI" */;
			buildPhases = (
				7E21C411AEA10E9BB6E29E9E /* [CP] Check Pods Manifest.lock */,
				B27E50FF27D7BD6B002A8FF3 /* Sources */,
				B27E510027D7BD6B002A8FF3 /* Frameworks */,
				B27E510127D7BD6B002A8FF3 /* Resources */,
				9D6C3005A3A3DCCCFA9936C2 /* [CP] Embed Pods Frameworks */,
			);
			buildRules = (
			);
			dependencies = (
			);
			name = GenderAPI;
			productName = GenderAPI;
			productReference = B27E510327D7BD6B002A8FF3 /* GenderAPI.app */;
			productType = "com.apple.product-type.application";
		};
/* End PBXNativeTarget section */

/* Begin PBXProject section */
		B27E50FB27D7BD6B002A8FF3 /* Project object */ = {
			isa = PBXProject;
			attributes = {
				BuildIndependentTargetsInParallel = 1;
				LastSwiftUpdateCheck = 1320;
				LastUpgradeCheck = 1320;
				TargetAttributes = {
					B27E510227D7BD6B002A8FF3 = {
						CreatedOnToolsVersion = 13.2.1;
					};
				};
			};
			buildConfigurationList = B27E50FE27D7BD6B002A8FF3 /* Build configuration list for PBXProject "GenderAPI" */;
			compatibilityVersion = "Xcode 13.0";
			developmentRegion = en;
			hasScannedForEncodings = 0;
			knownRegions = (
				en,
				Base,
				he,
			);
			mainGroup = B27E50FA27D7BD6B002A8FF3;
			productRefGroup = B27E510427D7BD6B002A8FF3 /* Products */;
			projectDirPath = "";
			projectRoot = "";
			targets = (
				B27E510227D7BD6B002A8FF3 /* GenderAPI */,
			);
		};
/* End PBXProject section */

/* Begin PBXResourcesBuildPhase section */
		B27E510127D7BD6B002A8FF3 /* Resources */ = {
			isa = PBXResourcesBuildPhase;
			buildActionMask = 2147483647;
			files = (
				B27E511327D7BD6F002A8FF3 /* LaunchScreen.storyboard in Resources */,
				B27E514927E0EBD1002A8FF3 /* Localizable.strings in Resources */,
				B27E511027D7BD6F002A8FF3 /* Assets.xcassets in Resources */,
				B27E510E27D7BD6B002A8FF3 /* Main.storyboard in Resources */,
			);
			runOnlyForDeploymentPostprocessing = 0;
		};
/* End PBXResourcesBuildPhase section */

/* Begin PBXShellScriptBuildPhase section */
		7E21C411AEA10E9BB6E29E9E /* [CP] Check Pods Manifest.lock */ = {
			isa = PBXShellScriptBuildPhase;
			buildActionMask = 2147483647;
			files = (
			);
			inputFileListPaths = (
			);
			inputPaths = (
				"${PODS_PODFILE_DIR_PATH}/Podfile.lock",
				"${PODS_ROOT}/Manifest.lock",
			);
			name = "[CP] Check Pods Manifest.lock";
			outputFileListPaths = (
			);
			outputPaths = (
				"$(DERIVED_FILE_DIR)/Pods-GenderAPI-checkManifestLockResult.txt",
			);
			runOnlyForDeploymentPostprocessing = 0;
			shellPath = /bin/sh;
			shellScript = "diff \"${PODS_PODFILE_DIR_PATH}/Podfile.lock\" \"${PODS_ROOT}/Manifest.lock\" > /dev/null\nif [ $? != 0 ] ; then\n    # print error to STDERR\n    echo \"error: The sandbox is not in sync with the Podfile.lock. Run 'pod install' or update your CocoaPods installation.\" >&2\n    exit 1\nfi\n# This output is used by Xcode 'outputs' to avoid re-running this script phase.\necho \"SUCCESS\" > \"${SCRIPT_OUTPUT_FILE_0}\"\n";
			showEnvVarsInLog = 0;
		};
		9D6C3005A3A3DCCCFA9936C2 /* [CP] Embed Pods Frameworks */ = {
			isa = PBXShellScriptBuildPhase;
			buildActionMask = 2147483647;
			files = (
			);
			inputFileListPaths = (
				"${PODS_ROOT}/Target Support Files/Pods-GenderAPI/Pods-GenderAPI-frameworks-${CONFIGURATION}-input-files.xcfilelist",
			);
			name = "[CP] Embed Pods Frameworks";
			outputFileListPaths = (
				"${PODS_ROOT}/Target Support Files/Pods-GenderAPI/Pods-GenderAPI-frameworks-${CONFIGURATION}-output-files.xcfilelist",
			);
			runOnlyForDeploymentPostprocessing = 0;
			shellPath = /bin/sh;
			shellScript = "\"${PODS_ROOT}/Target Support Files/Pods-GenderAPI/Pods-GenderAPI-frameworks.sh\"\n";
			showEnvVarsInLog = 0;
		};
/* End PBXShellScriptBuildPhase section */

/* Begin PBXSourcesBuildPhase section */
		B27E50FF27D7BD6B002A8FF3 /* Sources */ = {
			isa = PBXSourcesBuildPhase;
			buildActionMask = 2147483647;
			files = (
				B27E510B27D7BD6B002A8FF3 /* ViewController.swift in Sources */,
				B27E511E27D7BF38002A8FF3 /* Networking.swift in Sources */,
				B27E510727D7BD6B002A8FF3 /* AppDelegate.swift in Sources */,
				B27E510927D7BD6B002A8FF3 /* SceneDelegate.swift in Sources */,
				B27E511C27D7BE31002A8FF3 /* Answer.swift in Sources */,
			);
			runOnlyForDeploymentPostprocessing = 0;
		};
/* End PBXSourcesBuildPhase section */

/* Begin PBXVariantGroup section */
		B27E510C27D7BD6B002A8FF3 /* Main.storyboard */ = {
			isa = PBXVariantGroup;
			children = (
				B27E510D27D7BD6B002A8FF3 /* Base */,
			);
			name = Main.storyboard;
			sourceTree = "<group>";
		};
		B27E511127D7BD6F002A8FF3 /* LaunchScreen.storyboard */ = {
			isa = PBXVariantGroup;
			children = (
				B27E511227D7BD6F002A8FF3 /* Base */,
			);
			name = LaunchScreen.storyboard;
			sourceTree = "<group>";
		};
		B27E514B27E0EBD1002A8FF3 /* Localizable.strings */ = {
			isa = PBXVariantGroup;
			children = (
				B27E514A27E0EBD1002A8FF3 /* en */,
				B27E514C27E0EBE4002A8FF3 /* he */,
			);
			name = Localizable.strings;
			sourceTree = "<group>";
		};
/* End PBXVariantGroup section */

/* Begin XCBuildConfiguration section */
		B27E511527D7BD6F002A8FF3 /* Debug */ = {
			isa = XCBuildConfiguration;
			buildSettings = {
				ALWAYS_SEARCH_USER_PATHS = NO;
				CLANG_ANALYZER_LOCALIZABILITY_NONLOCALIZED = YES;
				CLANG_ANALYZER_NONNULL = YES;
				CLANG_ANALYZER_NUMBER_OBJECT_CONVERSION = YES_AGGRESSIVE;
				CLANG_CXX_LANGUAGE_STANDARD = "gnu++17";
				CLANG_CXX_LIBRARY = "libc++";
				CLANG_ENABLE_MODULES = YES;
				CLANG_ENABLE_OBJC_ARC = YES;
				CLANG_ENABLE_OBJC_WEAK = YES;
				CLANG_WARN_BLOCK_CAPTURE_AUTORELEASING = YES;
				CLANG_WARN_BOOL_CONVERSION = YES;
				CLANG_WARN_COMMA = YES;
				CLANG_WARN_CONSTANT_CONVERSION = YES;
				CLANG_WARN_DEPRECATED_OBJC_IMPLEMENTATIONS = YES;
				CLANG_WARN_DIRECT_OBJC_ISA_USAGE = YES_ERROR;
				CLANG_WARN_DOCUMENTATION_COMMENTS = YES;
				CLANG_WARN_EMPTY_BODY = YES;
				CLANG_WARN_ENUM_CONVERSION = YES;
				CLANG_WARN_INFINITE_RECURSION = YES;
				CLANG_WARN_INT_CONVERSION = YES;
				CLANG_WARN_NON_LITERAL_NULL_CONVERSION = YES;
				CLANG_WARN_OBJC_IMPLICIT_RETAIN_SELF = YES;
				CLANG_WARN_OBJC_LITERAL_CONVERSION = YES;
				CLANG_WARN_OBJC_ROOT_CLASS = YES_ERROR;
				CLANG_WARN_QUOTED_INCLUDE_IN_FRAMEWORK_HEADER = YES;
				CLANG_WARN_RANGE_LOOP_ANALYSIS = YES;
				CLANG_WARN_STRICT_PROTOTYPES = YES;
				CLANG_WARN_SUSPICIOUS_MOVE = YES;
				CLANG_WARN_UNGUARDED_AVAILABILITY = YES_AGGRESSIVE;
				CLANG_WARN_UNREACHABLE_CODE = YES;
				CLANG_WARN__DUPLICATE_METHOD_MATCH = YES;
				COPY_PHASE_STRIP = NO;
				DEBUG_INFORMATION_FORMAT = dwarf;
				ENABLE_STRICT_OBJC_MSGSEND = YES;
				ENABLE_TESTABILITY = YES;
				GCC_C_LANGUAGE_STANDARD = gnu11;
				GCC_DYNAMIC_NO_PIC = NO;
				GCC_NO_COMMON_BLOCKS = YES;
				GCC_OPTIMIZATION_LEVEL = 0;
				GCC_PREPROCESSOR_DEFINITIONS = (
					"DEBUG=1",
					"$(inherited)",
				);
				GCC_WARN_64_TO_32_BIT_CONVERSION = YES;
				GCC_WARN_ABOUT_RETURN_TYPE = YES_ERROR;
				GCC_WARN_UNDECLARED_SELECTOR = YES;
				GCC_WARN_UNINITIALIZED_AUTOS = YES_AGGRESSIVE;
				GCC_WARN_UNUSED_FUNCTION = YES;
				GCC_WARN_UNUSED_VARIABLE = YES;
				IPHONEOS_DEPLOYMENT_TARGET = 15.2;
				MTL_ENABLE_DEBUG_INFO = INCLUDE_SOURCE;
				MTL_FAST_MATH = YES;
				ONLY_ACTIVE_ARCH = YES;
				SDKROOT = iphoneos;
				SWIFT_ACTIVE_COMPILATION_CONDITIONS = DEBUG;
				SWIFT_OPTIMIZATION_LEVEL = "-Onone";
			};
			name = Debug;
		};
		B27E511627D7BD6F002A8FF3 /* Release */ = {
			isa = XCBuildConfiguration;
			buildSettings = {
				ALWAYS_SEARCH_USER_PATHS = NO;
				CLANG_ANALYZER_LOCALIZABILITY_NONLOCALIZED = YES;
				CLANG_ANALYZER_NONNULL = YES;
				CLANG_ANALYZER_NUMBER_OBJECT_CONVERSION = YES_AGGRESSIVE;
				CLANG_CXX_LANGUAGE_STANDARD = "gnu++17";
				CLANG_CXX_LIBRARY = "libc++";
				CLANG_ENABLE_MODULES = YES;
				CLANG_ENABLE_OBJC_ARC = YES;
				CLANG_ENABLE_OBJC_WEAK = YES;
				CLANG_WARN_BLOCK_CAPTURE_AUTORELEASING = YES;
				CLANG_WARN_BOOL_CONVERSION = YES;
				CLANG_WARN_COMMA = YES;
				CLANG_WARN_CONSTANT_CONVERSION = YES;
				CLANG_WARN_DEPRECATED_OBJC_IMPLEMENTATIONS = YES;
				CLANG_WARN_DIRECT_OBJC_ISA_USAGE = YES_ERROR;
				CLANG_WARN_DOCUMENTATION_COMMENTS = YES;
				CLANG_WARN_EMPTY_BODY = YES;
				CLANG_WARN_ENUM_CONVERSION = YES;
				CLANG_WARN_INFINITE_RECURSION = YES;
				CLANG_WARN_INT_CONVERSION = YES;
				CLANG_WARN_NON_LITERAL_NULL_CONVERSION = YES;
				CLANG_WARN_OBJC_IMPLICIT_RETAIN_SELF = YES;
				CLANG_WARN_OBJC_LITERAL_CONVERSION = YES;
				CLANG_WARN_OBJC_ROOT_CLASS = YES_ERROR;
				CLANG_WARN_QUOTED_INCLUDE_IN_FRAMEWORK_HEADER = YES;
				CLANG_WARN_RANGE_LOOP_ANALYSIS = YES;
				CLANG_WARN_STRICT_PROTOTYPES = YES;
				CLANG_WARN_SUSPICIOUS_MOVE = YES;
				CLANG_WARN_UNGUARDED_AVAILABILITY = YES_AGGRESSIVE;
				CLANG_WARN_UNREACHABLE_CODE = YES;
				CLANG_WARN__DUPLICATE_METHOD_MATCH = YES;
				COPY_PHASE_STRIP = NO;
				DEBUG_INFORMATION_FORMAT = "dwarf-with-dsym";
				ENABLE_NS_ASSERTIONS = NO;
				ENABLE_STRICT_OBJC_MSGSEND = YES;
				GCC_C_LANGUAGE_STANDARD = gnu11;
				GCC_NO_COMMON_BLOCKS = YES;
				GCC_WARN_64_TO_32_BIT_CONVERSION = YES;
				GCC_WARN_ABOUT_RETURN_TYPE = YES_ERROR;
				GCC_WARN_UNDECLARED_SELECTOR = YES;
				GCC_WARN_UNINITIALIZED_AUTOS = YES_AGGRESSIVE;
				GCC_WARN_UNUSED_FUNCTION = YES;
				GCC_WARN_UNUSED_VARIABLE = YES;
				IPHONEOS_DEPLOYMENT_TARGET = 15.2;
				MTL_ENABLE_DEBUG_INFO = NO;
				MTL_FAST_MATH = YES;
				SDKROOT = iphoneos;
				SWIFT_COMPILATION_MODE = wholemodule;
				SWIFT_OPTIMIZATION_LEVEL = "-O";
				VALIDATE_PRODUCT = YES;
			};
			name = Release;
		};
		B27E511827D7BD6F002A8FF3 /* Debug */ = {
			isa = XCBuildConfiguration;
			baseConfigurationReference = 18C29FD7912EB014146EA8AF /* Pods-GenderAPI.debug.xcconfig */;
			buildSettings = {
				ASSETCATALOG_COMPILER_APPICON_NAME = AppIcon;
				ASSETCATALOG_COMPILER_GLOBAL_ACCENT_COLOR_NAME = AccentColor;
				CODE_SIGN_STYLE = Automatic;
				CURRENT_PROJECT_VERSION = 1;
				GENERATE_INFOPLIST_FILE = YES;
				INFOPLIST_FILE = GenderAPI/Info.plist;
				INFOPLIST_KEY_UIApplicationSupportsIndirectInputEvents = YES;
				INFOPLIST_KEY_UILaunchStoryboardName = LaunchScreen;
				INFOPLIST_KEY_UIMainStoryboardFile = Main;
				INFOPLIST_KEY_UISupportedInterfaceOrientations_iPad = "UIInterfaceOrientationPortrait UIInterfaceOrientationPortraitUpsideDown UIInterfaceOrientationLandscapeLeft UIInterfaceOrientationLandscapeRight";
				INFOPLIST_KEY_UISupportedInterfaceOrientations_iPhone = "UIInterfaceOrientationPortrait UIInterfaceOrientationLandscapeLeft UIInterfaceOrientationLandscapeRight";
				LD_RUNPATH_SEARCH_PATHS = (
					"$(inherited)",
					"@executable_path/Frameworks",
				);
				MARKETING_VERSION = 1.0;
				PRODUCT_BUNDLE_IDENTIFIER = com.benny.GenderAPI;
				PRODUCT_NAME = "$(TARGET_NAME)";
				SWIFT_EMIT_LOC_STRINGS = YES;
				SWIFT_VERSION = 5.0;
				TARGETED_DEVICE_FAMILY = "1,2";
			};
			name = Debug;
		};
		B27E511927D7BD6F002A8FF3 /* Release */ = {
			isa = XCBuildConfiguration;
			baseConfigurationReference = 2D31C628DC5964026A0479AA /* Pods-GenderAPI.release.xcconfig */;
			buildSettings = {
				ASSETCATALOG_COMPILER_APPICON_NAME = AppIcon;
				ASSETCATALOG_COMPILER_GLOBAL_ACCENT_COLOR_NAME = AccentColor;
				CODE_SIGN_STYLE = Automatic;
				CURRENT_PROJECT_VERSION = 1;
				GENERATE_INFOPLIST_FILE = YES;
				INFOPLIST_FILE = GenderAPI/Info.plist;
				INFOPLIST_KEY_UIApplicationSupportsIndirectInputEvents = YES;
				INFOPLIST_KEY_UILaunchStoryboardName = LaunchScreen;
				INFOPLIST_KEY_UIMainStoryboardFile = Main;
				INFOPLIST_KEY_UISupportedInterfaceOrientations_iPad = "UIInterfaceOrientationPortrait UIInterfaceOrientationPortraitUpsideDown UIInterfaceOrientationLandscapeLeft UIInterfaceOrientationLandscapeRight";
				INFOPLIST_KEY_UISupportedInterfaceOrientations_iPhone = "UIInterfaceOrientationPortrait UIInterfaceOrientationLandscapeLeft UIInterfaceOrientationLandscapeRight";
				LD_RUNPATH_SEARCH_PATHS = (
					"$(inherited)",
					"@executable_path/Frameworks",
				);
				MARKETING_VERSION = 1.0;
				PRODUCT_BUNDLE_IDENTIFIER = com.benny.GenderAPI;
				PRODUCT_NAME = "$(TARGET_NAME)";
				SWIFT_EMIT_LOC_STRINGS = YES;
				SWIFT_VERSION = 5.0;
				TARGETED_DEVICE_FAMILY = "1,2";
			};
			name = Release;
		};
/* End XCBuildConfiguration section */

/* Begin XCConfigurationList section */
		B27E50FE27D7BD6B002A8FF3 /* Build configuration list for PBXProject "GenderAPI" */ = {
			isa = XCConfigurationList;
			buildConfigurations = (
				B27E511527D7BD6F002A8FF3 /* Debug */,
				B27E511627D7BD6F002A8FF3 /* Release */,
			);
			defaultConfigurationIsVisible = 0;
			defaultConfigurationName = Release;
		};
		B27E511727D7BD6F002A8FF3 /* Build configuration list for PBXNativeTarget "GenderAPI" */ = {
			isa = XCConfigurationList;
			buildConfigurations = (
				B27E511827D7BD6F002A8FF3 /* Debug */,
				B27E511927D7BD6F002A8FF3 /* Release */,
			);
			defaultConfigurationIsVisible = 0;
			defaultConfigurationName = Release;
		};
/* End XCConfigurationList section */
	};
	rootObject = B27E50FB27D7BD6B002A8FF3 /* Project object */;
}
