// !$*UTF8*$!
{
	archiveVersion = 1;
	classes = {
	};
	objectVersion = 55;
	objects = {

/* Begin PBXBuildFile section */
		B22D78A5282AD6DE00EAE78A /* AppDelegate.swift in Sources */ = {isa = PBXBuildFile; fileRef = B22D78A4282AD6DE00EAE78A /* AppDelegate.swift */; };
		B22D78A7282AD6DE00EAE78A /* SceneDelegate.swift in Sources */ = {isa = PBXBuildFile; fileRef = B22D78A6282AD6DE00EAE78A /* SceneDelegate.swift */; };
		B22D78A9282AD6DE00EAE78A /* ViewController.swift in Sources */ = {isa = PBXBuildFile; fileRef = B22D78A8282AD6DE00EAE78A /* ViewController.swift */; };
		B22D78AC282AD6DE00EAE78A /* Main.storyboard in Resources */ = {isa = PBXBuildFile; fileRef = B22D78AA282AD6DE00EAE78A /* Main.storyboard */; };
		B22D78AE282AD6E000EAE78A /* Assets.xcassets in Resources */ = {isa = PBXBuildFile; fileRef = B22D78AD282AD6E000EAE78A /* Assets.xcassets */; };
		B22D78B1282AD6E000EAE78A /* LaunchScreen.storyboard in Resources */ = {isa = PBXBuildFile; fileRef = B22D78AF282AD6E000EAE78A /* LaunchScreen.storyboard */; };
		B2E87151282ADB4C009F58AD /* DatabaseManager.swift in Sources */ = {isa = PBXBuildFile; fileRef = B2E87150282ADB4C009F58AD /* DatabaseManager.swift */; };
		B2E87153282ADDEC009F58AD /* StackImp.swift in Sources */ = {isa = PBXBuildFile; fileRef = B2E87152282ADDEC009F58AD /* StackImp.swift */; };
/* End PBXBuildFile section */

/* Begin PBXFileReference section */
		B22D78A1282AD6DE00EAE78A /* Threading.app */ = {isa = PBXFileReference; explicitFileType = wrapper.application; includeInIndex = 0; path = Threading.app; sourceTree = BUILT_PRODUCTS_DIR; };
		B22D78A4282AD6DE00EAE78A /* AppDelegate.swift */ = {isa = PBXFileReference; lastKnownFileType = sourcecode.swift; path = AppDelegate.swift; sourceTree = "<group>"; };
		B22D78A6282AD6DE00EAE78A /* SceneDelegate.swift */ = {isa = PBXFileReference; lastKnownFileType = sourcecode.swift; path = SceneDelegate.swift; sourceTree = "<group>"; };
		B22D78A8282AD6DE00EAE78A /* ViewController.swift */ = {isa = PBXFileReference; lastKnownFileType = sourcecode.swift; path = ViewController.swift; sourceTree = "<group>"; };
		B22D78AB282AD6DE00EAE78A /* Base */ = {isa = PBXFileReference; lastKnownFileType = file.storyboard; name = Base; path = Base.lproj/Main.storyboard; sourceTree = "<group>"; };
		B22D78AD282AD6E000EAE78A /* Assets.xcassets */ = {isa = PBXFileReference; lastKnownFileType = folder.assetcatalog; path = Assets.xcassets; sourceTree = "<group>"; };
		B22D78B0282AD6E000EAE78A /* Base */ = {isa = PBXFileReference; lastKnownFileType = file.storyboard; name = Base; path = Base.lproj/LaunchScreen.storyboard; sourceTree = "<group>"; };
		B22D78B2282AD6E000EAE78A /* Info.plist */ = {isa = PBXFileReference; lastKnownFileType = text.plist.xml; path = Info.plist; sourceTree = "<group>"; };
		B2E87150282ADB4C009F58AD /* DatabaseManager.swift */ = {isa = PBXFileReference; lastKnownFileType = sourcecode.swift; path = DatabaseManager.swift; sourceTree = "<group>"; };
		B2E87152282ADDEC009F58AD /* StackImp.swift */ = {isa = PBXFileReference; lastKnownFileType = sourcecode.swift; path = StackImp.swift; sourceTree = "<group>"; };
/* End PBXFileReference section */

/* Begin PBXFrameworksBuildPhase section */
		B22D789E282AD6DE00EAE78A /* Frameworks */ = {
			isa = PBXFrameworksBuildPhase;
			buildActionMask = 2147483647;
			files = (
			);
			runOnlyForDeploymentPostprocessing = 0;
		};
/* End PBXFrameworksBuildPhase section */

/* Begin PBXGroup section */
		B22D7898282AD6DE00EAE78A = {
			isa = PBXGroup;
			children = (
				B22D78A3282AD6DE00EAE78A /* Threading */,
				B22D78A2282AD6DE00EAE78A /* Products */,
			);
			sourceTree = "<group>";
		};
		B22D78A2282AD6DE00EAE78A /* Products */ = {
			isa = PBXGroup;
			children = (
				B22D78A1282AD6DE00EAE78A /* Threading.app */,
			);
			name = Products;
			sourceTree = "<group>";
		};
		B22D78A3282AD6DE00EAE78A /* Threading */ = {
			isa = PBXGroup;
			children = (
				B22D78A4282AD6DE00EAE78A /* AppDelegate.swift */,
				B22D78A6282AD6DE00EAE78A /* SceneDelegate.swift */,
				B22D78A8282AD6DE00EAE78A /* ViewController.swift */,
				B2E87150282ADB4C009F58AD /* DatabaseManager.swift */,
				B2E87152282ADDEC009F58AD /* StackImp.swift */,
				B22D78AA282AD6DE00EAE78A /* Main.storyboard */,
				B22D78AD282AD6E000EAE78A /* Assets.xcassets */,
				B22D78AF282AD6E000EAE78A /* LaunchScreen.storyboard */,
				B22D78B2282AD6E000EAE78A /* Info.plist */,
			);
			path = Threading;
			sourceTree = "<group>";
		};
/* End PBXGroup section */

/* Begin PBXNativeTarget section */
		B22D78A0282AD6DE00EAE78A /* Threading */ = {
			isa = PBXNativeTarget;
			buildConfigurationList = B22D78B5282AD6E000EAE78A /* Build configuration list for PBXNativeTarget "Threading" */;
			buildPhases = (
				B22D789D282AD6DE00EAE78A /* Sources */,
				B22D789E282AD6DE00EAE78A /* Frameworks */,
				B22D789F282AD6DE00EAE78A /* Resources */,
			);
			buildRules = (
			);
			dependencies = (
			);
			name = Threading;
			productName = Threading;
			productReference = B22D78A1282AD6DE00EAE78A /* Threading.app */;
			productType = "com.apple.product-type.application";
		};
/* End PBXNativeTarget section */

/* Begin PBXProject section */
		B22D7899282AD6DE00EAE78A /* Project object */ = {
			isa = PBXProject;
			attributes = {
				BuildIndependentTargetsInParallel = 1;
				LastSwiftUpdateCheck = 1320;
				LastUpgradeCheck = 1320;
				TargetAttributes = {
					B22D78A0282AD6DE00EAE78A = {
						CreatedOnToolsVersion = 13.2.1;
					};
				};
			};
			buildConfigurationList = B22D789C282AD6DE00EAE78A /* Build configuration list for PBXProject "Threading" */;
			compatibilityVersion = "Xcode 13.0";
			developmentRegion = en;
			hasScannedForEncodings = 0;
			knownRegions = (
				en,
				Base,
			);
			mainGroup = B22D7898282AD6DE00EAE78A;
			productRefGroup = B22D78A2282AD6DE00EAE78A /* Products */;
			projectDirPath = "";
			projectRoot = "";
			targets = (
				B22D78A0282AD6DE00EAE78A /* Threading */,
			);
		};
/* End PBXProject section */

/* Begin PBXResourcesBuildPhase section */
		B22D789F282AD6DE00EAE78A /* Resources */ = {
			isa = PBXResourcesBuildPhase;
			buildActionMask = 2147483647;
			files = (
				B22D78B1282AD6E000EAE78A /* LaunchScreen.storyboard in Resources */,
				B22D78AE282AD6E000EAE78A /* Assets.xcassets in Resources */,
				B22D78AC282AD6DE00EAE78A /* Main.storyboard in Resources */,
			);
			runOnlyForDeploymentPostprocessing = 0;
		};
/* End PBXResourcesBuildPhase section */

/* Begin PBXSourcesBuildPhase section */
		B22D789D282AD6DE00EAE78A /* Sources */ = {
			isa = PBXSourcesBuildPhase;
			buildActionMask = 2147483647;
			files = (
				B2E87151282ADB4C009F58AD /* DatabaseManager.swift in Sources */,
				B2E87153282ADDEC009F58AD /* StackImp.swift in Sources */,
				B22D78A9282AD6DE00EAE78A /* ViewController.swift in Sources */,
				B22D78A5282AD6DE00EAE78A /* AppDelegate.swift in Sources */,
				B22D78A7282AD6DE00EAE78A /* SceneDelegate.swift in Sources */,
			);
			runOnlyForDeploymentPostprocessing = 0;
		};
/* End PBXSourcesBuildPhase section */

/* Begin PBXVariantGroup section */
		B22D78AA282AD6DE00EAE78A /* Main.storyboard */ = {
			isa = PBXVariantGroup;
			children = (
				B22D78AB282AD6DE00EAE78A /* Base */,
			);
			name = Main.storyboard;
			sourceTree = "<group>";
		};
		B22D78AF282AD6E000EAE78A /* LaunchScreen.storyboard */ = {
			isa = PBXVariantGroup;
			children = (
				B22D78B0282AD6E000EAE78A /* Base */,
			);
			name = LaunchScreen.storyboard;
			sourceTree = "<group>";
		};
/* End PBXVariantGroup section */

/* Begin XCBuildConfiguration section */
		B22D78B3282AD6E000EAE78A /* Debug */ = {
			isa = XCBuildConfiguration;
			buildSettings = {
				ALWAYS_SEARCH_USER_PATHS = NO;
				CLANG_ANALYZER_NONNULL = YES;
				CLANG_ANALYZER_NUMBER_OBJECT_CONVERSION = YES_AGGRESSIVE;
				CLANG_CXX_LANGUAGE_STANDARD = "gnu++17";
				CLANG_CXX_LIBRARY = "libc++";
				CLANG_ENABLE_MODULES = YES;
				CLANG_ENABLE_OBJC_ARC = YES;
				CLANG_ENABLE_OBJC_WEAK = YES;
				CLANG_WARN_BLOCK_CAPTURE_AUTORELEASING = YES;
				CLANG_WARN_BOOL_CONVERSION = YES;
				CLANG_WARN_COMMA = YES;
				CLANG_WARN_CONSTANT_CONVERSION = YES;
				CLANG_WARN_DEPRECATED_OBJC_IMPLEMENTATIONS = YES;
				CLANG_WARN_DIRECT_OBJC_ISA_USAGE = YES_ERROR;
				CLANG_WARN_DOCUMENTATION_COMMENTS = YES;
				CLANG_WARN_EMPTY_BODY = YES;
				CLANG_WARN_ENUM_CONVERSION = YES;
				CLANG_WARN_INFINITE_RECURSION = YES;
				CLANG_WARN_INT_CONVERSION = YES;
				CLANG_WARN_NON_LITERAL_NULL_CONVERSION = YES;
				CLANG_WARN_OBJC_IMPLICIT_RETAIN_SELF = YES;
				CLANG_WARN_OBJC_LITERAL_CONVERSION = YES;
				CLANG_WARN_OBJC_ROOT_CLASS = YES_ERROR;
				CLANG_WARN_QUOTED_INCLUDE_IN_FRAMEWORK_HEADER = YES;
				CLANG_WARN_RANGE_LOOP_ANALYSIS = YES;
				CLANG_WARN_STRICT_PROTOTYPES = YES;
				CLANG_WARN_SUSPICIOUS_MOVE = YES;
				CLANG_WARN_UNGUARDED_AVAILABILITY = YES_AGGRESSIVE;
				CLANG_WARN_UNREACHABLE_CODE = YES;
				CLANG_WARN__DUPLICATE_METHOD_MATCH = YES;
				COPY_PHASE_STRIP = NO;
				DEBUG_INFORMATION_FORMAT = dwarf;
				ENABLE_STRICT_OBJC_MSGSEND = YES;
				ENABLE_TESTABILITY = YES;
				GCC_C_LANGUAGE_STANDARD = gnu11;
				GCC_DYNAMIC_NO_PIC = NO;
				GCC_NO_COMMON_BLOCKS = YES;
				GCC_OPTIMIZATION_LEVEL = 0;
				GCC_PREPROCESSOR_DEFINITIONS = (
					"DEBUG=1",
					"$(inherited)",
				);
				GCC_WARN_64_TO_32_BIT_CONVERSION = YES;
				GCC_WARN_ABOUT_RETURN_TYPE = YES_ERROR;
				GCC_WARN_UNDECLARED_SELECTOR = YES;
				GCC_WARN_UNINITIALIZED_AUTOS = YES_AGGRESSIVE;
				GCC_WARN_UNUSED_FUNCTION = YES;
				GCC_WARN_UNUSED_VARIABLE = YES;
				IPHONEOS_DEPLOYMENT_TARGET = 15.2;
				MTL_ENABLE_DEBUG_INFO = INCLUDE_SOURCE;
				MTL_FAST_MATH = YES;
				ONLY_ACTIVE_ARCH = YES;
				SDKROOT = iphoneos;
				SWIFT_ACTIVE_COMPILATION_CONDITIONS = DEBUG;
				SWIFT_OPTIMIZATION_LEVEL = "-Onone";
			};
			name = Debug;
		};
		B22D78B4282AD6E000EAE78A /* Release */ = {
			isa = XCBuildConfiguration;
			buildSettings = {
				ALWAYS_SEARCH_USER_PATHS = NO;
				CLANG_ANALYZER_NONNULL = YES;
				CLANG_ANALYZER_NUMBER_OBJECT_CONVERSION = YES_AGGRESSIVE;
				CLANG_CXX_LANGUAGE_STANDARD = "gnu++17";
				CLANG_CXX_LIBRARY = "libc++";
				CLANG_ENABLE_MODULES = YES;
				CLANG_ENABLE_OBJC_ARC = YES;
				CLANG_ENABLE_OBJC_WEAK = YES;
				CLANG_WARN_BLOCK_CAPTURE_AUTORELEASING = YES;
				CLANG_WARN_BOOL_CONVERSION = YES;
				CLANG_WARN_COMMA = YES;
				CLANG_WARN_CONSTANT_CONVERSION = YES;
				CLANG_WARN_DEPRECATED_OBJC_IMPLEMENTATIONS = YES;
				CLANG_WARN_DIRECT_OBJC_ISA_USAGE = YES_ERROR;
				CLANG_WARN_DOCUMENTATION_COMMENTS = YES;
				CLANG_WARN_EMPTY_BODY = YES;
				CLANG_WARN_ENUM_CONVERSION = YES;
				CLANG_WARN_INFINITE_RECURSION = YES;
				CLANG_WARN_INT_CONVERSION = YES;
				CLANG_WARN_NON_LITERAL_NULL_CONVERSION = YES;
				CLANG_WARN_OBJC_IMPLICIT_RETAIN_SELF = YES;
				CLANG_WARN_OBJC_LITERAL_CONVERSION = YES;
				CLANG_WARN_OBJC_ROOT_CLASS = YES_ERROR;
				CLANG_WARN_QUOTED_INCLUDE_IN_FRAMEWORK_HEADER = YES;
				CLANG_WARN_RANGE_LOOP_ANALYSIS = YES;
				CLANG_WARN_STRICT_PROTOTYPES = YES;
				CLANG_WARN_SUSPICIOUS_MOVE = YES;
				CLANG_WARN_UNGUARDED_AVAILABILITY = YES_AGGRESSIVE;
				CLANG_WARN_UNREACHABLE_CODE = YES;
				CLANG_WARN__DUPLICATE_METHOD_MATCH = YES;
				COPY_PHASE_STRIP = NO;
				DEBUG_INFORMATION_FORMAT = "dwarf-with-dsym";
				ENABLE_NS_ASSERTIONS = NO;
				ENABLE_STRICT_OBJC_MSGSEND = YES;
				GCC_C_LANGUAGE_STANDARD = gnu11;
				GCC_NO_COMMON_BLOCKS = YES;
				GCC_WARN_64_TO_32_BIT_CONVERSION = YES;
				GCC_WARN_ABOUT_RETURN_TYPE = YES_ERROR;
				GCC_WARN_UNDECLARED_SELECTOR = YES;
				GCC_WARN_UNINITIALIZED_AUTOS = YES_AGGRESSIVE;
				GCC_WARN_UNUSED_FUNCTION = YES;
				GCC_WARN_UNUSED_VARIABLE = YES;
				IPHONEOS_DEPLOYMENT_TARGET = 15.2;
				MTL_ENABLE_DEBUG_INFO = NO;
				MTL_FAST_MATH = YES;
				SDKROOT = iphoneos;
				SWIFT_COMPILATION_MODE = wholemodule;
				SWIFT_OPTIMIZATION_LEVEL = "-O";
				VALIDATE_PRODUCT = YES;
			};
			name = Release;
		};
		B22D78B6282AD6E000EAE78A /* Debug */ = {
			isa = XCBuildConfiguration;
			buildSettings = {
				ASSETCATALOG_COMPILER_APPICON_NAME = AppIcon;
				ASSETCATALOG_COMPILER_GLOBAL_ACCENT_COLOR_NAME = AccentColor;
				CODE_SIGN_STYLE = Automatic;
				CURRENT_PROJECT_VERSION = 1;
				GENERATE_INFOPLIST_FILE = YES;
				INFOPLIST_FILE = Threading/Info.plist;
				INFOPLIST_KEY_UIApplicationSupportsIndirectInputEvents = YES;
				INFOPLIST_KEY_UILaunchStoryboardName = LaunchScreen;
				INFOPLIST_KEY_UIMainStoryboardFile = Main;
				INFOPLIST_KEY_UISupportedInterfaceOrientations_iPad = "UIInterfaceOrientationPortrait UIInterfaceOrientationPortraitUpsideDown UIInterfaceOrientationLandscapeLeft UIInterfaceOrientationLandscapeRight";
				INFOPLIST_KEY_UISupportedInterfaceOrientations_iPhone = "UIInterfaceOrientationPortrait UIInterfaceOrientationLandscapeLeft UIInterfaceOrientationLandscapeRight";
				LD_RUNPATH_SEARCH_PATHS = (
					"$(inherited)",
					"@executable_path/Frameworks",
				);
				MARKETING_VERSION = 1.0;
				PRODUCT_BUNDLE_IDENTIFIER = com.benny.Threading;
				PRODUCT_NAME = "$(TARGET_NAME)";
				SWIFT_EMIT_LOC_STRINGS = YES;
				SWIFT_VERSION = 5.0;
				TARGETED_DEVICE_FAMILY = "1,2";
			};
			name = Debug;
		};
		B22D78B7282AD6E000EAE78A /* Release */ = {
			isa = XCBuildConfiguration;
			buildSettings = {
				ASSETCATALOG_COMPILER_APPICON_NAME = AppIcon;
				ASSETCATALOG_COMPILER_GLOBAL_ACCENT_COLOR_NAME = AccentColor;
				CODE_SIGN_STYLE = Automatic;
				CURRENT_PROJECT_VERSION = 1;
				GENERATE_INFOPLIST_FILE = YES;
				INFOPLIST_FILE = Threading/Info.plist;
				INFOPLIST_KEY_UIApplicationSupportsIndirectInputEvents = YES;
				INFOPLIST_KEY_UILaunchStoryboardName = LaunchScreen;
				INFOPLIST_KEY_UIMainStoryboardFile = Main;
				INFOPLIST_KEY_UISupportedInterfaceOrientations_iPad = "UIInterfaceOrientationPortrait UIInterfaceOrientationPortraitUpsideDown UIInterfaceOrientationLandscapeLeft UIInterfaceOrientationLandscapeRight";
				INFOPLIST_KEY_UISupportedInterfaceOrientations_iPhone = "UIInterfaceOrientationPortrait UIInterfaceOrientationLandscapeLeft UIInterfaceOrientationLandscapeRight";
				LD_RUNPATH_SEARCH_PATHS = (
					"$(inherited)",
					"@executable_path/Frameworks",
				);
				MARKETING_VERSION = 1.0;
				PRODUCT_BUNDLE_IDENTIFIER = com.benny.Threading;
				PRODUCT_NAME = "$(TARGET_NAME)";
				SWIFT_EMIT_LOC_STRINGS = YES;
				SWIFT_VERSION = 5.0;
				TARGETED_DEVICE_FAMILY = "1,2";
			};
			name = Release;
		};
/* End XCBuildConfiguration section */

/* Begin XCConfigurationList section */
		B22D789C282AD6DE00EAE78A /* Build configuration list for PBXProject "Threading" */ = {
			isa = XCConfigurationList;
			buildConfigurations = (
				B22D78B3282AD6E000EAE78A /* Debug */,
				B22D78B4282AD6E000EAE78A /* Release */,
			);
			defaultConfigurationIsVisible = 0;
			defaultConfigurationName = Release;
		};
		B22D78B5282AD6E000EAE78A /* Build configuration list for PBXNativeTarget "Threading" */ = {
			isa = XCConfigurationList;
			buildConfigurations = (
				B22D78B6282AD6E000EAE78A /* Debug */,
				B22D78B7282AD6E000EAE78A /* Release */,
			);
			defaultConfigurationIsVisible = 0;
			defaultConfigurationName = Release;
		};
/* End XCConfigurationList section */
	};
	rootObject = B22D7899282AD6DE00EAE78A /* Project object */;
}
