// !$*UTF8*$!
{
	archiveVersion = 1;
	classes = {
	};
	objectVersion = 55;
	objects = {

/* Begin PBXBuildFile section */
		B25C343428183C2600C7A5E0 /* AppDelegate.swift in Sources */ = {isa = PBXBuildFile; fileRef = B25C343328183C2600C7A5E0 /* AppDelegate.swift */; };
		B25C343628183C2600C7A5E0 /* SceneDelegate.swift in Sources */ = {isa = PBXBuildFile; fileRef = B25C343528183C2600C7A5E0 /* SceneDelegate.swift */; };
		B25C343828183C2600C7A5E0 /* ViewController.swift in Sources */ = {isa = PBXBuildFile; fileRef = B25C343728183C2600C7A5E0 /* ViewController.swift */; };
		B25C343B28183C2600C7A5E0 /* Main.storyboard in Resources */ = {isa = PBXBuildFile; fileRef = B25C343928183C2600C7A5E0 /* Main.storyboard */; };
		B25C343D28183C2800C7A5E0 /* Assets.xcassets in Resources */ = {isa = PBXBuildFile; fileRef = B25C343C28183C2800C7A5E0 /* Assets.xcassets */; };
		B25C344028183C2800C7A5E0 /* LaunchScreen.storyboard in Resources */ = {isa = PBXBuildFile; fileRef = B25C343E28183C2800C7A5E0 /* LaunchScreen.storyboard */; };
		B25C344B28184ABE00C7A5E0 /* fast-small-sweep-transition.wav in Resources */ = {isa = PBXBuildFile; fileRef = B25C344828184ABE00C7A5E0 /* fast-small-sweep-transition.wav */; };
		B25C344C28184ABE00C7A5E0 /* arcade-retro-game-over.wav in Resources */ = {isa = PBXBuildFile; fileRef = B25C344928184ABE00C7A5E0 /* arcade-retro-game-over.wav */; };
		B25C344D28184ABE00C7A5E0 /* retro-game-notification.wav in Resources */ = {isa = PBXBuildFile; fileRef = B25C344A28184ABE00C7A5E0 /* retro-game-notification.wav */; };
		B25C344F2818539200C7A5E0 /* NotificationManager.swift in Sources */ = {isa = PBXBuildFile; fileRef = B25C344E2818539200C7A5E0 /* NotificationManager.swift */; };
		B25C34512818558600C7A5E0 /* developers_vid.mp4 in Resources */ = {isa = PBXBuildFile; fileRef = B25C34502818558600C7A5E0 /* developers_vid.mp4 */; };
		B25C34532818564E00C7A5E0 /* steve_ballmer.jpeg in Resources */ = {isa = PBXBuildFile; fileRef = B25C34522818564E00C7A5E0 /* steve_ballmer.jpeg */; };
		B25C345528185DEA00C7A5E0 /* FlowManager.swift in Sources */ = {isa = PBXBuildFile; fileRef = B25C345428185DEA00C7A5E0 /* FlowManager.swift */; };
		B25C345728185E2B00C7A5E0 /* UserProfileViewController.swift in Sources */ = {isa = PBXBuildFile; fileRef = B25C345628185E2A00C7A5E0 /* UserProfileViewController.swift */; };
		B25C345A281864AE00C7A5E0 /* Utils.swift in Sources */ = {isa = PBXBuildFile; fileRef = B25C3459281864AE00C7A5E0 /* Utils.swift */; };
/* End PBXBuildFile section */

/* Begin PBXFileReference section */
		B25C343028183C2600C7A5E0 /* LocalNotificationProject.app */ = {isa = PBXFileReference; explicitFileType = wrapper.application; includeInIndex = 0; path = LocalNotificationProject.app; sourceTree = BUILT_PRODUCTS_DIR; };
		B25C343328183C2600C7A5E0 /* AppDelegate.swift */ = {isa = PBXFileReference; lastKnownFileType = sourcecode.swift; path = AppDelegate.swift; sourceTree = "<group>"; };
		B25C343528183C2600C7A5E0 /* SceneDelegate.swift */ = {isa = PBXFileReference; lastKnownFileType = sourcecode.swift; path = SceneDelegate.swift; sourceTree = "<group>"; };
		B25C343728183C2600C7A5E0 /* ViewController.swift */ = {isa = PBXFileReference; lastKnownFileType = sourcecode.swift; path = ViewController.swift; sourceTree = "<group>"; };
		B25C343A28183C2600C7A5E0 /* Base */ = {isa = PBXFileReference; lastKnownFileType = file.storyboard; name = Base; path = Base.lproj/Main.storyboard; sourceTree = "<group>"; };
		B25C343C28183C2800C7A5E0 /* Assets.xcassets */ = {isa = PBXFileReference; lastKnownFileType = folder.assetcatalog; path = Assets.xcassets; sourceTree = "<group>"; };
		B25C343F28183C2800C7A5E0 /* Base */ = {isa = PBXFileReference; lastKnownFileType = file.storyboard; name = Base; path = Base.lproj/LaunchScreen.storyboard; sourceTree = "<group>"; };
		B25C344128183C2800C7A5E0 /* Info.plist */ = {isa = PBXFileReference; lastKnownFileType = text.plist.xml; path = Info.plist; sourceTree = "<group>"; };
		B25C344828184ABE00C7A5E0 /* fast-small-sweep-transition.wav */ = {isa = PBXFileReference; lastKnownFileType = audio.wav; path = "fast-small-sweep-transition.wav"; sourceTree = "<group>"; };
		B25C344928184ABE00C7A5E0 /* arcade-retro-game-over.wav */ = {isa = PBXFileReference; lastKnownFileType = audio.wav; path = "arcade-retro-game-over.wav"; sourceTree = "<group>"; };
		B25C344A28184ABE00C7A5E0 /* retro-game-notification.wav */ = {isa = PBXFileReference; lastKnownFileType = audio.wav; path = "retro-game-notification.wav"; sourceTree = "<group>"; };
		B25C344E2818539200C7A5E0 /* NotificationManager.swift */ = {isa = PBXFileReference; lastKnownFileType = sourcecode.swift; path = NotificationManager.swift; sourceTree = "<group>"; };
		B25C34502818558600C7A5E0 /* developers_vid.mp4 */ = {isa = PBXFileReference; lastKnownFileType = file; path = developers_vid.mp4; sourceTree = "<group>"; };
		B25C34522818564E00C7A5E0 /* steve_ballmer.jpeg */ = {isa = PBXFileReference; lastKnownFileType = image.jpeg; path = steve_ballmer.jpeg; sourceTree = "<group>"; };
		B25C345428185DEA00C7A5E0 /* FlowManager.swift */ = {isa = PBXFileReference; lastKnownFileType = sourcecode.swift; path = FlowManager.swift; sourceTree = "<group>"; };
		B25C345628185E2A00C7A5E0 /* UserProfileViewController.swift */ = {isa = PBXFileReference; lastKnownFileType = sourcecode.swift; path = UserProfileViewController.swift; sourceTree = "<group>"; };
		B25C3458281862D000C7A5E0 /* LocalNotificationProject.entitlements */ = {isa = PBXFileReference; lastKnownFileType = text.plist.entitlements; path = LocalNotificationProject.entitlements; sourceTree = "<group>"; };
		B25C3459281864AE00C7A5E0 /* Utils.swift */ = {isa = PBXFileReference; lastKnownFileType = sourcecode.swift; path = Utils.swift; sourceTree = "<group>"; };
/* End PBXFileReference section */

/* Begin PBXFrameworksBuildPhase section */
		B25C342D28183C2600C7A5E0 /* Frameworks */ = {
			isa = PBXFrameworksBuildPhase;
			buildActionMask = 2147483647;
			files = (
			);
			runOnlyForDeploymentPostprocessing = 0;
		};
/* End PBXFrameworksBuildPhase section */

/* Begin PBXGroup section */
		B25C342728183C2600C7A5E0 = {
			isa = PBXGroup;
			children = (
				B25C343228183C2600C7A5E0 /* LocalNotificationProject */,
				B25C343128183C2600C7A5E0 /* Products */,
			);
			sourceTree = "<group>";
		};
		B25C343128183C2600C7A5E0 /* Products */ = {
			isa = PBXGroup;
			children = (
				B25C343028183C2600C7A5E0 /* LocalNotificationProject.app */,
			);
			name = Products;
			sourceTree = "<group>";
		};
		B25C343228183C2600C7A5E0 /* LocalNotificationProject */ = {
			isa = PBXGroup;
			children = (
				B25C3458281862D000C7A5E0 /* LocalNotificationProject.entitlements */,
				B25C343328183C2600C7A5E0 /* AppDelegate.swift */,
				B25C343528183C2600C7A5E0 /* SceneDelegate.swift */,
				B25C343728183C2600C7A5E0 /* ViewController.swift */,
				B25C345628185E2A00C7A5E0 /* UserProfileViewController.swift */,
				B25C344E2818539200C7A5E0 /* NotificationManager.swift */,
				B25C345428185DEA00C7A5E0 /* FlowManager.swift */,
				B25C3459281864AE00C7A5E0 /* Utils.swift */,
				B25C344728184AA900C7A5E0 /* resources */,
				B25C343928183C2600C7A5E0 /* Main.storyboard */,
				B25C343C28183C2800C7A5E0 /* Assets.xcassets */,
				B25C343E28183C2800C7A5E0 /* LaunchScreen.storyboard */,
				B25C344128183C2800C7A5E0 /* Info.plist */,
			);
			path = LocalNotificationProject;
			sourceTree = "<group>";
		};
		B25C344728184AA900C7A5E0 /* resources */ = {
			isa = PBXGroup;
			children = (
				B25C34522818564E00C7A5E0 /* steve_ballmer.jpeg */,
				B25C34502818558600C7A5E0 /* developers_vid.mp4 */,
				B25C344928184ABE00C7A5E0 /* arcade-retro-game-over.wav */,
				B25C344828184ABE00C7A5E0 /* fast-small-sweep-transition.wav */,
				B25C344A28184ABE00C7A5E0 /* retro-game-notification.wav */,
			);
			path = resources;
			sourceTree = "<group>";
		};
/* End PBXGroup section */

/* Begin PBXNativeTarget section */
		B25C342F28183C2600C7A5E0 /* LocalNotificationProject */ = {
			isa = PBXNativeTarget;
			buildConfigurationList = B25C344428183C2800C7A5E0 /* Build configuration list for PBXNativeTarget "LocalNotificationProject" */;
			buildPhases = (
				B25C342C28183C2600C7A5E0 /* Sources */,
				B25C342D28183C2600C7A5E0 /* Frameworks */,
				B25C342E28183C2600C7A5E0 /* Resources */,
			);
			buildRules = (
			);
			dependencies = (
			);
			name = LocalNotificationProject;
			productName = LocalNotificationProject;
			productReference = B25C343028183C2600C7A5E0 /* LocalNotificationProject.app */;
			productType = "com.apple.product-type.application";
		};
/* End PBXNativeTarget section */

/* Begin PBXProject section */
		B25C342828183C2600C7A5E0 /* Project object */ = {
			isa = PBXProject;
			attributes = {
				BuildIndependentTargetsInParallel = 1;
				LastSwiftUpdateCheck = 1320;
				LastUpgradeCheck = 1320;
				TargetAttributes = {
					B25C342F28183C2600C7A5E0 = {
						CreatedOnToolsVersion = 13.2.1;
					};
				};
			};
			buildConfigurationList = B25C342B28183C2600C7A5E0 /* Build configuration list for PBXProject "LocalNotificationProject" */;
			compatibilityVersion = "Xcode 13.0";
			developmentRegion = en;
			hasScannedForEncodings = 0;
			knownRegions = (
				en,
				Base,
			);
			mainGroup = B25C342728183C2600C7A5E0;
			productRefGroup = B25C343128183C2600C7A5E0 /* Products */;
			projectDirPath = "";
			projectRoot = "";
			targets = (
				B25C342F28183C2600C7A5E0 /* LocalNotificationProject */,
			);
		};
/* End PBXProject section */

/* Begin PBXResourcesBuildPhase section */
		B25C342E28183C2600C7A5E0 /* Resources */ = {
			isa = PBXResourcesBuildPhase;
			buildActionMask = 2147483647;
			files = (
				B25C344D28184ABE00C7A5E0 /* retro-game-notification.wav in Resources */,
				B25C344B28184ABE00C7A5E0 /* fast-small-sweep-transition.wav in Resources */,
				B25C344028183C2800C7A5E0 /* LaunchScreen.storyboard in Resources */,
				B25C34532818564E00C7A5E0 /* steve_ballmer.jpeg in Resources */,
				B25C34512818558600C7A5E0 /* developers_vid.mp4 in Resources */,
				B25C343D28183C2800C7A5E0 /* Assets.xcassets in Resources */,
				B25C344C28184ABE00C7A5E0 /* arcade-retro-game-over.wav in Resources */,
				B25C343B28183C2600C7A5E0 /* Main.storyboard in Resources */,
			);
			runOnlyForDeploymentPostprocessing = 0;
		};
/* End PBXResourcesBuildPhase section */

/* Begin PBXSourcesBuildPhase section */
		B25C342C28183C2600C7A5E0 /* Sources */ = {
			isa = PBXSourcesBuildPhase;
			buildActionMask = 2147483647;
			files = (
				B25C345528185DEA00C7A5E0 /* FlowManager.swift in Sources */,
				B25C345728185E2B00C7A5E0 /* UserProfileViewController.swift in Sources */,
				B25C343828183C2600C7A5E0 /* ViewController.swift in Sources */,
				B25C345A281864AE00C7A5E0 /* Utils.swift in Sources */,
				B25C343428183C2600C7A5E0 /* AppDelegate.swift in Sources */,
				B25C344F2818539200C7A5E0 /* NotificationManager.swift in Sources */,
				B25C343628183C2600C7A5E0 /* SceneDelegate.swift in Sources */,
			);
			runOnlyForDeploymentPostprocessing = 0;
		};
/* End PBXSourcesBuildPhase section */

/* Begin PBXVariantGroup section */
		B25C343928183C2600C7A5E0 /* Main.storyboard */ = {
			isa = PBXVariantGroup;
			children = (
				B25C343A28183C2600C7A5E0 /* Base */,
			);
			name = Main.storyboard;
			sourceTree = "<group>";
		};
		B25C343E28183C2800C7A5E0 /* LaunchScreen.storyboard */ = {
			isa = PBXVariantGroup;
			children = (
				B25C343F28183C2800C7A5E0 /* Base */,
			);
			name = LaunchScreen.storyboard;
			sourceTree = "<group>";
		};
/* End PBXVariantGroup section */

/* Begin XCBuildConfiguration section */
		B25C344228183C2800C7A5E0 /* Debug */ = {
			isa = XCBuildConfiguration;
			buildSettings = {
				ALWAYS_SEARCH_USER_PATHS = NO;
				CLANG_ANALYZER_NONNULL = YES;
				CLANG_ANALYZER_NUMBER_OBJECT_CONVERSION = YES_AGGRESSIVE;
				CLANG_CXX_LANGUAGE_STANDARD = "gnu++17";
				CLANG_CXX_LIBRARY = "libc++";
				CLANG_ENABLE_MODULES = YES;
				CLANG_ENABLE_OBJC_ARC = YES;
				CLANG_ENABLE_OBJC_WEAK = YES;
				CLANG_WARN_BLOCK_CAPTURE_AUTORELEASING = YES;
				CLANG_WARN_BOOL_CONVERSION = YES;
				CLANG_WARN_COMMA = YES;
				CLANG_WARN_CONSTANT_CONVERSION = YES;
				CLANG_WARN_DEPRECATED_OBJC_IMPLEMENTATIONS = YES;
				CLANG_WARN_DIRECT_OBJC_ISA_USAGE = YES_ERROR;
				CLANG_WARN_DOCUMENTATION_COMMENTS = YES;
				CLANG_WARN_EMPTY_BODY = YES;
				CLANG_WARN_ENUM_CONVERSION = YES;
				CLANG_WARN_INFINITE_RECURSION = YES;
				CLANG_WARN_INT_CONVERSION = YES;
				CLANG_WARN_NON_LITERAL_NULL_CONVERSION = YES;
				CLANG_WARN_OBJC_IMPLICIT_RETAIN_SELF = YES;
				CLANG_WARN_OBJC_LITERAL_CONVERSION = YES;
				CLANG_WARN_OBJC_ROOT_CLASS = YES_ERROR;
				CLANG_WARN_QUOTED_INCLUDE_IN_FRAMEWORK_HEADER = YES;
				CLANG_WARN_RANGE_LOOP_ANALYSIS = YES;
				CLANG_WARN_STRICT_PROTOTYPES = YES;
				CLANG_WARN_SUSPICIOUS_MOVE = YES;
				CLANG_WARN_UNGUARDED_AVAILABILITY = YES_AGGRESSIVE;
				CLANG_WARN_UNREACHABLE_CODE = YES;
				CLANG_WARN__DUPLICATE_METHOD_MATCH = YES;
				COPY_PHASE_STRIP = NO;
				DEBUG_INFORMATION_FORMAT = dwarf;
				ENABLE_STRICT_OBJC_MSGSEND = YES;
				ENABLE_TESTABILITY = YES;
				GCC_C_LANGUAGE_STANDARD = gnu11;
				GCC_DYNAMIC_NO_PIC = NO;
				GCC_NO_COMMON_BLOCKS = YES;
				GCC_OPTIMIZATION_LEVEL = 0;
				GCC_PREPROCESSOR_DEFINITIONS = (
					"DEBUG=1",
					"$(inherited)",
				);
				GCC_WARN_64_TO_32_BIT_CONVERSION = YES;
				GCC_WARN_ABOUT_RETURN_TYPE = YES_ERROR;
				GCC_WARN_UNDECLARED_SELECTOR = YES;
				GCC_WARN_UNINITIALIZED_AUTOS = YES_AGGRESSIVE;
				GCC_WARN_UNUSED_FUNCTION = YES;
				GCC_WARN_UNUSED_VARIABLE = YES;
				IPHONEOS_DEPLOYMENT_TARGET = 15.2;
				MTL_ENABLE_DEBUG_INFO = INCLUDE_SOURCE;
				MTL_FAST_MATH = YES;
				ONLY_ACTIVE_ARCH = YES;
				SDKROOT = iphoneos;
				SWIFT_ACTIVE_COMPILATION_CONDITIONS = DEBUG;
				SWIFT_OPTIMIZATION_LEVEL = "-Onone";
			};
			name = Debug;
		};
		B25C344328183C2800C7A5E0 /* Release */ = {
			isa = XCBuildConfiguration;
			buildSettings = {
				ALWAYS_SEARCH_USER_PATHS = NO;
				CLANG_ANALYZER_NONNULL = YES;
				CLANG_ANALYZER_NUMBER_OBJECT_CONVERSION = YES_AGGRESSIVE;
				CLANG_CXX_LANGUAGE_STANDARD = "gnu++17";
				CLANG_CXX_LIBRARY = "libc++";
				CLANG_ENABLE_MODULES = YES;
				CLANG_ENABLE_OBJC_ARC = YES;
				CLANG_ENABLE_OBJC_WEAK = YES;
				CLANG_WARN_BLOCK_CAPTURE_AUTORELEASING = YES;
				CLANG_WARN_BOOL_CONVERSION = YES;
				CLANG_WARN_COMMA = YES;
				CLANG_WARN_CONSTANT_CONVERSION = YES;
				CLANG_WARN_DEPRECATED_OBJC_IMPLEMENTATIONS = YES;
				CLANG_WARN_DIRECT_OBJC_ISA_USAGE = YES_ERROR;
				CLANG_WARN_DOCUMENTATION_COMMENTS = YES;
				CLANG_WARN_EMPTY_BODY = YES;
				CLANG_WARN_ENUM_CONVERSION = YES;
				CLANG_WARN_INFINITE_RECURSION = YES;
				CLANG_WARN_INT_CONVERSION = YES;
				CLANG_WARN_NON_LITERAL_NULL_CONVERSION = YES;
				CLANG_WARN_OBJC_IMPLICIT_RETAIN_SELF = YES;
				CLANG_WARN_OBJC_LITERAL_CONVERSION = YES;
				CLANG_WARN_OBJC_ROOT_CLASS = YES_ERROR;
				CLANG_WARN_QUOTED_INCLUDE_IN_FRAMEWORK_HEADER = YES;
				CLANG_WARN_RANGE_LOOP_ANALYSIS = YES;
				CLANG_WARN_STRICT_PROTOTYPES = YES;
				CLANG_WARN_SUSPICIOUS_MOVE = YES;
				CLANG_WARN_UNGUARDED_AVAILABILITY = YES_AGGRESSIVE;
				CLANG_WARN_UNREACHABLE_CODE = YES;
				CLANG_WARN__DUPLICATE_METHOD_MATCH = YES;
				COPY_PHASE_STRIP = NO;
				DEBUG_INFORMATION_FORMAT = "dwarf-with-dsym";
				ENABLE_NS_ASSERTIONS = NO;
				ENABLE_STRICT_OBJC_MSGSEND = YES;
				GCC_C_LANGUAGE_STANDARD = gnu11;
				GCC_NO_COMMON_BLOCKS = YES;
				GCC_WARN_64_TO_32_BIT_CONVERSION = YES;
				GCC_WARN_ABOUT_RETURN_TYPE = YES_ERROR;
				GCC_WARN_UNDECLARED_SELECTOR = YES;
				GCC_WARN_UNINITIALIZED_AUTOS = YES_AGGRESSIVE;
				GCC_WARN_UNUSED_FUNCTION = YES;
				GCC_WARN_UNUSED_VARIABLE = YES;
				IPHONEOS_DEPLOYMENT_TARGET = 15.2;
				MTL_ENABLE_DEBUG_INFO = NO;
				MTL_FAST_MATH = YES;
				SDKROOT = iphoneos;
				SWIFT_COMPILATION_MODE = wholemodule;
				SWIFT_OPTIMIZATION_LEVEL = "-O";
				VALIDATE_PRODUCT = YES;
			};
			name = Release;
		};
		B25C344528183C2800C7A5E0 /* Debug */ = {
			isa = XCBuildConfiguration;
			buildSettings = {
				ASSETCATALOG_COMPILER_APPICON_NAME = AppIcon;
				ASSETCATALOG_COMPILER_GLOBAL_ACCENT_COLOR_NAME = AccentColor;
				CODE_SIGN_ENTITLEMENTS = LocalNotificationProject/LocalNotificationProject.entitlements;
				CODE_SIGN_STYLE = Automatic;
				CURRENT_PROJECT_VERSION = 2;
				DEVELOPMENT_TEAM = J7YZTH9Z4F;
				GENERATE_INFOPLIST_FILE = YES;
				INFOPLIST_FILE = LocalNotificationProject/Info.plist;
				INFOPLIST_KEY_UIApplicationSupportsIndirectInputEvents = YES;
				INFOPLIST_KEY_UILaunchStoryboardName = LaunchScreen;
				INFOPLIST_KEY_UIMainStoryboardFile = Main;
				INFOPLIST_KEY_UISupportedInterfaceOrientations_iPad = "UIInterfaceOrientationPortrait UIInterfaceOrientationPortraitUpsideDown UIInterfaceOrientationLandscapeLeft UIInterfaceOrientationLandscapeRight";
				INFOPLIST_KEY_UISupportedInterfaceOrientations_iPhone = "UIInterfaceOrientationPortrait UIInterfaceOrientationLandscapeLeft UIInterfaceOrientationLandscapeRight";
				LD_RUNPATH_SEARCH_PATHS = (
					"$(inherited)",
					"@executable_path/Frameworks",
				);
				MARKETING_VERSION = 1.0;
				PRODUCT_BUNDLE_IDENTIFIER = com.benny.LocalNotificationProject;
				PRODUCT_NAME = "$(TARGET_NAME)";
				SWIFT_EMIT_LOC_STRINGS = YES;
				SWIFT_VERSION = 5.0;
				TARGETED_DEVICE_FAMILY = 1;
			};
			name = Debug;
		};
		B25C344628183C2800C7A5E0 /* Release */ = {
			isa = XCBuildConfiguration;
			buildSettings = {
				ASSETCATALOG_COMPILER_APPICON_NAME = AppIcon;
				ASSETCATALOG_COMPILER_GLOBAL_ACCENT_COLOR_NAME = AccentColor;
				CODE_SIGN_ENTITLEMENTS = LocalNotificationProject/LocalNotificationProject.entitlements;
				CODE_SIGN_STYLE = Automatic;
				CURRENT_PROJECT_VERSION = 2;
				DEVELOPMENT_TEAM = J7YZTH9Z4F;
				GENERATE_INFOPLIST_FILE = YES;
				INFOPLIST_FILE = LocalNotificationProject/Info.plist;
				INFOPLIST_KEY_UIApplicationSupportsIndirectInputEvents = YES;
				INFOPLIST_KEY_UILaunchStoryboardName = LaunchScreen;
				INFOPLIST_KEY_UIMainStoryboardFile = Main;
				INFOPLIST_KEY_UISupportedInterfaceOrientations_iPad = "UIInterfaceOrientationPortrait UIInterfaceOrientationPortraitUpsideDown UIInterfaceOrientationLandscapeLeft UIInterfaceOrientationLandscapeRight";
				INFOPLIST_KEY_UISupportedInterfaceOrientations_iPhone = "UIInterfaceOrientationPortrait UIInterfaceOrientationLandscapeLeft UIInterfaceOrientationLandscapeRight";
				LD_RUNPATH_SEARCH_PATHS = (
					"$(inherited)",
					"@executable_path/Frameworks",
				);
				MARKETING_VERSION = 1.0;
				PRODUCT_BUNDLE_IDENTIFIER = com.benny.LocalNotificationProject;
				PRODUCT_NAME = "$(TARGET_NAME)";
				SWIFT_EMIT_LOC_STRINGS = YES;
				SWIFT_VERSION = 5.0;
				TARGETED_DEVICE_FAMILY = 1;
			};
			name = Release;
		};
/* End XCBuildConfiguration section */

/* Begin XCConfigurationList section */
		B25C342B28183C2600C7A5E0 /* Build configuration list for PBXProject "LocalNotificationProject" */ = {
			isa = XCConfigurationList;
			buildConfigurations = (
				B25C344228183C2800C7A5E0 /* Debug */,
				B25C344328183C2800C7A5E0 /* Release */,
			);
			defaultConfigurationIsVisible = 0;
			defaultConfigurationName = Release;
		};
		B25C344428183C2800C7A5E0 /* Build configuration list for PBXNativeTarget "LocalNotificationProject" */ = {
			isa = XCConfigurationList;
			buildConfigurations = (
				B25C344528183C2800C7A5E0 /* Debug */,
				B25C344628183C2800C7A5E0 /* Release */,
			);
			defaultConfigurationIsVisible = 0;
			defaultConfigurationName = Release;
		};
/* End XCConfigurationList section */
	};
	rootObject = B25C342828183C2600C7A5E0 /* Project object */;
}
